
Microsoft Visual Studio Solution File, Format Version 12.00
# Visual Studio Version 17
VisualStudioVersion = 17.0.32112.339
MinimumVisualStudioVersion = 10.0.40219.1
Project("{FAE04EC0-301F-11D3-BF4B-00C04F79EFBC}") = "CPU_GPU_TEMP_MINI_DISPLAY", "CPU_GPU_TEMP_MINI_DISPLAY.csproj", "{0333CE28-6B38-462C-A723-5890B9ADDA58}"
EndProject
Global
	GlobalSection(SolutionConfigurationPlatforms) = preSolution
		Debug|Any CPU = Debug|Any CPU
		Debug|x64 = Debug|x64
		Release|Any CPU = Release|Any CPU
		Release|x64 = Release|x64
	EndGlobalSection
	GlobalSection(ProjectConfigurationPlatforms) = postSolution
		{0333CE28-6B38-462C-A723-5890B9ADDA58}.Debug|Any CPU.ActiveCfg = Debug|Any CPU
		{0333CE28-6B38-462C-A723-5890B9ADDA58}.Debug|Any CPU.Build.0 = Debug|Any CPU
		{0333CE28-6B38-462C-A723-5890B9ADDA58}.Debug|x64.ActiveCfg = Debug|x64
		{0333CE28-6B38-462C-A723-5890B9ADDA58}.Debug|x64.Build.0 = Debug|x64
		{0333CE28-6B38-462C-A723-5890B9ADDA58}.Release|Any CPU.ActiveCfg = Release|Any CPU
		{0333CE28-6B38-462C-A723-5890B9ADDA58}.Release|Any CPU.Build.0 = Release|Any CPU
		{0333CE28-6B38-462C-A723-5890B9ADDA58}.Release|x64.ActiveCfg = Release|x64
		{0333CE28-6B38-462C-A723-5890B9ADDA58}.Release|x64.Build.0 = Release|x64
	EndGlobalSection
	GlobalSection(SolutionProperties) = preSolution
		HideSolutionNode = FALSE
	EndGlobalSection
	GlobalSection(ExtensibilityGlobals) = postSolution
		SolutionGuid = {75D584C3-07F1-4FA9-B199-59CF9078BF16}
	EndGlobalSection
EndGlobal
